
Microsoft Visual Studio Solution File, Format Version 12.00
# Visual Studio Version 17
VisualStudioVersion = 17.0.31903.59
MinimumVisualStudioVersion = 10.0.40219.1
Project("{FAE04EC0-301F-11D3-BF4B-00C04F79EFBC}") = "MicrowaveOven.API", "MicrowaveOven.API\MicrowaveOven.API.csproj", "{9BB1469B-366B-40B9-BA32-80FE23FD1B4B}"
EndProject
Project("{FAE04EC0-301F-11D3-BF4B-00C04F79EFBC}") = "MicrowaveOven", "MicrowaveOven\MicrowaveOven.csproj", "{243B116A-C55B-48A7-B994-E14E7A4C5210}"
EndProject
Project("{FAE04EC0-301F-11D3-BF4B-00C04F79EFBC}") = "MicrowaveOven.Test", "MicrowaveOven.Test\MicrowaveOven.Test.csproj", "{4FBB784E-A3D0-45E8-BB60-281679813F86}"
EndProject
Global
	GlobalSection(SolutionConfigurationPlatforms) = preSolution
		Debug|Any CPU = Debug|Any CPU
		Debug|x64 = Debug|x64
		Debug|x86 = Debug|x86
		Release|Any CPU = Release|Any CPU
		Release|x64 = Release|x64
		Release|x86 = Release|x86
	EndGlobalSection
	GlobalSection(ProjectConfigurationPlatforms) = postSolution
		{9BB1469B-366B-40B9-BA32-80FE23FD1B4B}.Debug|Any CPU.ActiveCfg = Debug|Any CPU
		{9BB1469B-366B-40B9-BA32-80FE23FD1B4B}.Debug|Any CPU.Build.0 = Debug|Any CPU
		{9BB1469B-366B-40B9-BA32-80FE23FD1B4B}.Debug|x64.ActiveCfg = Debug|Any CPU
		{9BB1469B-366B-40B9-BA32-80FE23FD1B4B}.Debug|x64.Build.0 = Debug|Any CPU
		{9BB1469B-366B-40B9-BA32-80FE23FD1B4B}.Debug|x86.ActiveCfg = Debug|Any CPU
		{9BB1469B-366B-40B9-BA32-80FE23FD1B4B}.Debug|x86.Build.0 = Debug|Any CPU
		{9BB1469B-366B-40B9-BA32-80FE23FD1B4B}.Release|Any CPU.ActiveCfg = Release|Any CPU
		{9BB1469B-366B-40B9-BA32-80FE23FD1B4B}.Release|Any CPU.Build.0 = Release|Any CPU
		{9BB1469B-366B-40B9-BA32-80FE23FD1B4B}.Release|x64.ActiveCfg = Release|Any CPU
		{9BB1469B-366B-40B9-BA32-80FE23FD1B4B}.Release|x64.Build.0 = Release|Any CPU
		{9BB1469B-366B-40B9-BA32-80FE23FD1B4B}.Release|x86.ActiveCfg = Release|Any CPU
		{9BB1469B-366B-40B9-BA32-80FE23FD1B4B}.Release|x86.Build.0 = Release|Any CPU
		{243B116A-C55B-48A7-B994-E14E7A4C5210}.Debug|Any CPU.ActiveCfg = Debug|Any CPU
		{243B116A-C55B-48A7-B994-E14E7A4C5210}.Debug|Any CPU.Build.0 = Debug|Any CPU
		{243B116A-C55B-48A7-B994-E14E7A4C5210}.Debug|x64.ActiveCfg = Debug|Any CPU
		{243B116A-C55B-48A7-B994-E14E7A4C5210}.Debug|x64.Build.0 = Debug|Any CPU
		{243B116A-C55B-48A7-B994-E14E7A4C5210}.Debug|x86.ActiveCfg = Debug|Any CPU
		{243B116A-C55B-48A7-B994-E14E7A4C5210}.Debug|x86.Build.0 = Debug|Any CPU
		{243B116A-C55B-48A7-B994-E14E7A4C5210}.Release|Any CPU.ActiveCfg = Release|Any CPU
		{243B116A-C55B-48A7-B994-E14E7A4C5210}.Release|Any CPU.Build.0 = Release|Any CPU
		{243B116A-C55B-48A7-B994-E14E7A4C5210}.Release|x64.ActiveCfg = Release|Any CPU
		{243B116A-C55B-48A7-B994-E14E7A4C5210}.Release|x64.Build.0 = Release|Any CPU
		{243B116A-C55B-48A7-B994-E14E7A4C5210}.Release|x86.ActiveCfg = Release|Any CPU
		{243B116A-C55B-48A7-B994-E14E7A4C5210}.Release|x86.Build.0 = Release|Any CPU
		{4FBB784E-A3D0-45E8-BB60-281679813F86}.Debug|Any CPU.ActiveCfg = Debug|Any CPU
		{4FBB784E-A3D0-45E8-BB60-281679813F86}.Debug|Any CPU.Build.0 = Debug|Any CPU
		{4FBB784E-A3D0-45E8-BB60-281679813F86}.Debug|x64.ActiveCfg = Debug|Any CPU
		{4FBB784E-A3D0-45E8-BB60-281679813F86}.Debug|x64.Build.0 = Debug|Any CPU
		{4FBB784E-A3D0-45E8-BB60-281679813F86}.Debug|x86.ActiveCfg = Debug|Any CPU
		{4FBB784E-A3D0-45E8-BB60-281679813F86}.Debug|x86.Build.0 = Debug|Any CPU
		{4FBB784E-A3D0-45E8-BB60-281679813F86}.Release|Any CPU.ActiveCfg = Release|Any CPU
		{4FBB784E-A3D0-45E8-BB60-281679813F86}.Release|Any CPU.Build.0 = Release|Any CPU
		{4FBB784E-A3D0-45E8-BB60-281679813F86}.Release|x64.ActiveCfg = Release|Any CPU
		{4FBB784E-A3D0-45E8-BB60-281679813F86}.Release|x64.Build.0 = Release|Any CPU
		{4FBB784E-A3D0-45E8-BB60-281679813F86}.Release|x86.ActiveCfg = Release|Any CPU
		{4FBB784E-A3D0-45E8-BB60-281679813F86}.Release|x86.Build.0 = Release|Any CPU
	EndGlobalSection
	GlobalSection(SolutionProperties) = preSolution
		HideSolutionNode = FALSE
	EndGlobalSection
	GlobalSection(ExtensibilityGlobals) = postSolution
		SolutionGuid = {E1408384-6D0D-4463-9261-0F8F01D3D7A2}
	EndGlobalSection
EndGlobal
